PODS:
  - ImageViewer.swift (3.0)
  - ImageViewer.swift/Fetcher (3.0):
    - SDWebImage
  - SDWebImage (5.8.4):
    - SDWebImage/Core (= 5.8.4)
  - SDWebImage/Core (5.8.4)

DEPENDENCIES:
  - ImageViewer.swift (from `./../`)
  - ImageViewer.swift/Fetcher (from `./../`)
  - SDWebImage

SPEC REPOS:
  trunk:
    - SDWebImage

EXTERNAL SOURCES:
  ImageViewer.swift:
    :path: "./../"

SPEC CHECKSUMS:
  ImageViewer.swift: 3debbc46f4f0b8187e7dac95bc5badc41626bb20
  SDWebImage: cf6922231e95550934da2ada0f20f2becf2ceba9

PODFILE CHECKSUM: 2d5a7c9498b183eb8e1e0ecedaf5fb8ff895826f

COCOAPODS: 1.12.1
